
Microsoft Visual Studio Solution File, Format Version 12.00
# Visual Studio Version 17
VisualStudioVersion = 17.10.34707.107
MinimumVisualStudioVersion = 10.0.40219.1
Project("{9A19103F-16F7-4668-BE54-9A1E7A4F7556}") = "HhTestTask", "HhTestTask\HhTestTask.csproj", "{74496EBE-E6A8-4E73-84F0-3F8503CE766E}"
EndProject
Project("{FAE04EC0-301F-11D3-BF4B-00C04F79EFBC}") = "HhTestTask.Tests", "HhTestTask.Tests\HhTestTask.Tests.csproj", "{1EE6F6D7-AD42-4D53-BDD8-2AA3B156D742}"
EndProject
Global
	GlobalSection(SolutionConfigurationPlatforms) = preSolution
		Debug|Any CPU = Debug|Any CPU
		Release|Any CPU = Release|Any CPU
	EndGlobalSection
	GlobalSection(ProjectConfigurationPlatforms) = postSolution
		{74496EBE-E6A8-4E73-84F0-3F8503CE766E}.Debug|Any CPU.ActiveCfg = Debug|Any CPU
		{74496EBE-E6A8-4E73-84F0-3F8503CE766E}.Debug|Any CPU.Build.0 = Debug|Any CPU
		{74496EBE-E6A8-4E73-84F0-3F8503CE766E}.Release|Any CPU.ActiveCfg = Release|Any CPU
		{74496EBE-E6A8-4E73-84F0-3F8503CE766E}.Release|Any CPU.Build.0 = Release|Any CPU
		{1EE6F6D7-AD42-4D53-BDD8-2AA3B156D742}.Debug|Any CPU.ActiveCfg = Debug|Any CPU
		{1EE6F6D7-AD42-4D53-BDD8-2AA3B156D742}.Debug|Any CPU.Build.0 = Debug|Any CPU
		{1EE6F6D7-AD42-4D53-BDD8-2AA3B156D742}.Release|Any CPU.ActiveCfg = Release|Any CPU
		{1EE6F6D7-AD42-4D53-BDD8-2AA3B156D742}.Release|Any CPU.Build.0 = Release|Any CPU
	EndGlobalSection
	GlobalSection(SolutionProperties) = preSolution
		HideSolutionNode = FALSE
	EndGlobalSection
	GlobalSection(ExtensibilityGlobals) = postSolution
		SolutionGuid = {6D1451E3-D51B-4F60-8121-E2DA3E035251}
	EndGlobalSection
EndGlobal
